
Microsoft Visual Studio Solution File, Format Version 12.00
# Visual Studio Version 17
VisualStudioVersion = 17.7.34221.43
MinimumVisualStudioVersion = 10.0.40219.1
Project("{FAE04EC0-301F-11D3-BF4B-00C04F79EFBC}") = "FactoryMethodPattern", "FactoryMethodPattern.csproj", "{5129D89E-063E-4EC4-8E54-5617066A06CB}"
EndProject
Global
	GlobalSection(SolutionConfigurationPlatforms) = preSolution
		Debug|Any CPU = Debug|Any CPU
		Release|Any CPU = Release|Any CPU
	EndGlobalSection
	GlobalSection(ProjectConfigurationPlatforms) = postSolution
		{5129D89E-063E-4EC4-8E54-5617066A06CB}.Debug|Any CPU.ActiveCfg = Debug|Any CPU
		{5129D89E-063E-4EC4-8E54-5617066A06CB}.Debug|Any CPU.Build.0 = Debug|Any CPU
		{5129D89E-063E-4EC4-8E54-5617066A06CB}.Release|Any CPU.ActiveCfg = Release|Any CPU
		{5129D89E-063E-4EC4-8E54-5617066A06CB}.Release|Any CPU.Build.0 = Release|Any CPU
	EndGlobalSection
	GlobalSection(SolutionProperties) = preSolution
		HideSolutionNode = FALSE
	EndGlobalSection
	GlobalSection(ExtensibilityGlobals) = postSolution
		SolutionGuid = {61B5E23E-401A-495F-BFA9-A9484862D5E4}
	EndGlobalSection
EndGlobal
